// !$*UTF8*$!
{
	archiveVersion = 1;
	classes = {
	};
	objectVersion = 50;
	objects = {

/* Begin PBXBuildFile section */
		81AEC16021A290B10017D98F /* Assets.xcassets in Resources */ = {isa = PBXBuildFile; fileRef = 81AEC15821A290B10017D98F /* Assets.xcassets */; };
		81AEC16321A290B10017D98F /* AppDelegate.swift in Sources */ = {isa = PBXBuildFile; fileRef = 81AEC15D21A290B10017D98F /* AppDelegate.swift */; };
		81AEC17C21A299CC0017D98F /* ZLBaseController.swift in Sources */ = {isa = PBXBuildFile; fileRef = 81AEC17521A299CC0017D98F /* ZLBaseController.swift */; };
		81AEC18021A29DA10017D98F /* ZLLoginController.swift in Sources */ = {isa = PBXBuildFile; fileRef = 81AEC17E21A29DA10017D98F /* ZLLoginController.swift */; };
		81C7B8AB21A3A404006C183A /* UIKit+Extension.swift in Sources */ = {isa = PBXBuildFile; fileRef = 81C7B8AA21A3A404006C183A /* UIKit+Extension.swift */; };
		81C7B8AD21A3ACB6006C183A /* ICYSignTextFiled.swift in Sources */ = {isa = PBXBuildFile; fileRef = 81C7B8AC21A3ACB6006C183A /* ICYSignTextFiled.swift */; };
		81C7B8BF21A4080E006C183A /* SignInViewModel.swift in Sources */ = {isa = PBXBuildFile; fileRef = 81C7B8BE21A4080E006C183A /* SignInViewModel.swift */; };
		81C7B8C121A40A31006C183A /* ZLTabBarController.swift in Sources */ = {isa = PBXBuildFile; fileRef = 81C7B8C021A40A31006C183A /* ZLTabBarController.swift */; };
		81C7B8C621A4F7CE006C183A /* ZLNavigationController.swift in Sources */ = {isa = PBXBuildFile; fileRef = 81C7B8C521A4F7CE006C183A /* ZLNavigationController.swift */; };
		81C7B8C821A4F8C9006C183A /* ZLRegisterController.swift in Sources */ = {isa = PBXBuildFile; fileRef = 81C7B8C721A4F8C9006C183A /* ZLRegisterController.swift */; };
		D54F3A49822F159A5486D12C /* Pods_ZLGYRX.framework in Frameworks */ = {isa = PBXBuildFile; fileRef = 1503CA05CC1ED1C929902224 /* Pods_ZLGYRX.framework */; };
/* End PBXBuildFile section */

/* Begin PBXFileReference section */
		1503CA05CC1ED1C929902224 /* Pods_ZLGYRX.framework */ = {isa = PBXFileReference; explicitFileType = wrapper.framework; includeInIndex = 0; path = Pods_ZLGYRX.framework; sourceTree = BUILT_PRODUCTS_DIR; };
		81AEC14121A28FF50017D98F /* ZLGYRX.app */ = {isa = PBXFileReference; explicitFileType = wrapper.application; includeInIndex = 0; path = ZLGYRX.app; sourceTree = BUILT_PRODUCTS_DIR; };
		81AEC15821A290B10017D98F /* Assets.xcassets */ = {isa = PBXFileReference; lastKnownFileType = folder.assetcatalog; path = Assets.xcassets; sourceTree = "<group>"; };
		81AEC15D21A290B10017D98F /* AppDelegate.swift */ = {isa = PBXFileReference; fileEncoding = 4; lastKnownFileType = sourcecode.swift; path = AppDelegate.swift; sourceTree = "<group>"; };
		81AEC15E21A290B10017D98F /* Info.plist */ = {isa = PBXFileReference; fileEncoding = 4; lastKnownFileType = text.plist.xml; path = Info.plist; sourceTree = "<group>"; };
		81AEC17521A299CC0017D98F /* ZLBaseController.swift */ = {isa = PBXFileReference; fileEncoding = 4; lastKnownFileType = sourcecode.swift; path = ZLBaseController.swift; sourceTree = "<group>"; };
		81AEC17E21A29DA10017D98F /* ZLLoginController.swift */ = {isa = PBXFileReference; lastKnownFileType = sourcecode.swift; path = ZLLoginController.swift; sourceTree = "<group>"; };
		81C7B8AA21A3A404006C183A /* UIKit+Extension.swift */ = {isa = PBXFileReference; lastKnownFileType = sourcecode.swift; path = "UIKit+Extension.swift"; sourceTree = "<group>"; };
		81C7B8AC21A3ACB6006C183A /* ICYSignTextFiled.swift */ = {isa = PBXFileReference; lastKnownFileType = sourcecode.swift; path = ICYSignTextFiled.swift; sourceTree = "<group>"; };
		81C7B8BE21A4080E006C183A /* SignInViewModel.swift */ = {isa = PBXFileReference; lastKnownFileType = sourcecode.swift; path = SignInViewModel.swift; sourceTree = "<group>"; };
		81C7B8C021A40A31006C183A /* ZLTabBarController.swift */ = {isa = PBXFileReference; fileEncoding = 4; lastKnownFileType = sourcecode.swift; path = ZLTabBarController.swift; sourceTree = "<group>"; };
		81C7B8C521A4F7CE006C183A /* ZLNavigationController.swift */ = {isa = PBXFileReference; lastKnownFileType = sourcecode.swift; path = ZLNavigationController.swift; sourceTree = "<group>"; };
		81C7B8C721A4F8C9006C183A /* ZLRegisterController.swift */ = {isa = PBXFileReference; lastKnownFileType = sourcecode.swift; path = ZLRegisterController.swift; sourceTree = "<group>"; };
		85B50E61506262981F6C805D /* Pods-ZLGYRX.release.xcconfig */ = {isa = PBXFileReference; includeInIndex = 1; lastKnownFileType = text.xcconfig; name = "Pods-ZLGYRX.release.xcconfig"; path = "Pods/Target Support Files/Pods-ZLGYRX/Pods-ZLGYRX.release.xcconfig"; sourceTree = "<group>"; };
		932C3DDED8DCB0DA9360DBC1 /* Pods-ZLGYRX.debug.xcconfig */ = {isa = PBXFileReference; includeInIndex = 1; lastKnownFileType = text.xcconfig; name = "Pods-ZLGYRX.debug.xcconfig"; path = "Pods/Target Support Files/Pods-ZLGYRX/Pods-ZLGYRX.debug.xcconfig"; sourceTree = "<group>"; };
/* End PBXFileReference section */

/* Begin PBXFrameworksBuildPhase section */
		81AEC13E21A28FF50017D98F /* Frameworks */ = {
			isa = PBXFrameworksBuildPhase;
			buildActionMask = 2147483647;
			files = (
				D54F3A49822F159A5486D12C /* Pods_ZLGYRX.framework in Frameworks */,
			);
			runOnlyForDeploymentPostprocessing = 0;
		};
/* End PBXFrameworksBuildPhase section */

/* Begin PBXGroup section */
		214F42A78029EC55919FCD47 /* Frameworks */ = {
			isa = PBXGroup;
			children = (
				1503CA05CC1ED1C929902224 /* Pods_ZLGYRX.framework */,
			);
			name = Frameworks;
			sourceTree = "<group>";
		};
		248DFCC131431C22A82023AF /* Pods */ = {
			isa = PBXGroup;
			children = (
				932C3DDED8DCB0DA9360DBC1 /* Pods-ZLGYRX.debug.xcconfig */,
				85B50E61506262981F6C805D /* Pods-ZLGYRX.release.xcconfig */,
			);
			name = Pods;
			sourceTree = "<group>";
		};
		81AEC13821A28FF50017D98F = {
			isa = PBXGroup;
			children = (
				81AEC14321A28FF50017D98F /* ZLGYRX */,
				81AEC14221A28FF50017D98F /* Products */,
				248DFCC131431C22A82023AF /* Pods */,
				214F42A78029EC55919FCD47 /* Frameworks */,
			);
			sourceTree = "<group>";
		};
		81AEC14221A28FF50017D98F /* Products */ = {
			isa = PBXGroup;
			children = (
				81AEC14121A28FF50017D98F /* ZLGYRX.app */,
			);
			name = Products;
			sourceTree = "<group>";
		};
		81AEC14321A28FF50017D98F /* ZLGYRX */ = {
			isa = PBXGroup;
			children = (
				81AEC17221A299CC0017D98F /* Common */,
				81AEC17621A299CC0017D98F /* Login */,
				81AEC15621A290B10017D98F /* SupportFiles */,
			);
			path = ZLGYRX;
			sourceTree = "<group>";
		};
		81AEC15621A290B10017D98F /* SupportFiles */ = {
			isa = PBXGroup;
			children = (
				81AEC15821A290B10017D98F /* Assets.xcassets */,
				81AEC15D21A290B10017D98F /* AppDelegate.swift */,
				81AEC15E21A290B10017D98F /* Info.plist */,
			);
			path = SupportFiles;
			sourceTree = "<group>";
		};
		81AEC17221A299CC0017D98F /* Common */ = {
			isa = PBXGroup;
			children = (
				81C7B8A921A3A3E4006C183A /* Extension */,
				81AEC17321A299CC0017D98F /* Base */,
			);
			path = Common;
			sourceTree = "<group>";
		};
		81AEC17321A299CC0017D98F /* Base */ = {
			isa = PBXGroup;
			children = (
				81AEC17421A299CC0017D98F /* VC */,
			);
			path = Base;
			sourceTree = "<group>";
		};
		81AEC17421A299CC0017D98F /* VC */ = {
			isa = PBXGroup;
			children = (
				81C7B8C021A40A31006C183A /* ZLTabBarController.swift */,
				81C7B8C521A4F7CE006C183A /* ZLNavigationController.swift */,
				81AEC17521A299CC0017D98F /* ZLBaseController.swift */,
			);
			path = VC;
			sourceTree = "<group>";
		};
		81AEC17621A299CC0017D98F /* Login */ = {
			isa = PBXGroup;
			children = (
				81AEC17721A299CC0017D98F /* ViewM */,
				81AEC17821A299CC0017D98F /* VC */,
				81AEC17A21A299CC0017D98F /* Model */,
				81AEC17B21A299CC0017D98F /* Views */,
			);
			path = Login;
			sourceTree = "<group>";
		};
		81AEC17721A299CC0017D98F /* ViewM */ = {
			isa = PBXGroup;
			children = (
				81C7B8BE21A4080E006C183A /* SignInViewModel.swift */,
			);
			path = ViewM;
			sourceTree = "<group>";
		};
		81AEC17821A299CC0017D98F /* VC */ = {
			isa = PBXGroup;
			children = (
				81AEC17E21A29DA10017D98F /* ZLLoginController.swift */,
				81C7B8C721A4F8C9006C183A /* ZLRegisterController.swift */,
			);
			path = VC;
			sourceTree = "<group>";
		};
		81AEC17A21A299CC0017D98F /* Model */ = {
			isa = PBXGroup;
			children = (
			);
			path = Model;
			sourceTree = "<group>";
		};
		81AEC17B21A299CC0017D98F /* Views */ = {
			isa = PBXGroup;
			children = (
				81C7B8AC21A3ACB6006C183A /* ICYSignTextFiled.swift */,
			);
			path = Views;
			sourceTree = "<group>";
		};
		81C7B8A921A3A3E4006C183A /* Extension */ = {
			isa = PBXGroup;
			children = (
				81C7B8AA21A3A404006C183A /* UIKit+Extension.swift */,
			);
			path = Extension;
			sourceTree = "<group>";
		};
/* End PBXGroup section */

/* Begin PBXNativeTarget section */
		81AEC14021A28FF50017D98F /* ZLGYRX */ = {
			isa = PBXNativeTarget;
			buildConfigurationList = 81AEC15321A28FF80017D98F /* Build configuration list for PBXNativeTarget "ZLGYRX" */;
			buildPhases = (
				63AC0968A245B5A2338A9B03 /* [CP] Check Pods Manifest.lock */,
				81AEC13D21A28FF50017D98F /* Sources */,
				81AEC13E21A28FF50017D98F /* Frameworks */,
				81AEC13F21A28FF50017D98F /* Resources */,
				37C5159B782850C3398BB5CB /* [CP] Embed Pods Frameworks */,
			);
			buildRules = (
			);
			dependencies = (
			);
			name = ZLGYRX;
			productName = ZLGYRX;
			productReference = 81AEC14121A28FF50017D98F /* ZLGYRX.app */;
			productType = "com.apple.product-type.application";
		};
/* End PBXNativeTarget section */

/* Begin PBXProject section */
		81AEC13921A28FF50017D98F /* Project object */ = {
			isa = PBXProject;
			attributes = {
				CLASSPREFIX = ZL;
				LastSwiftUpdateCheck = 1010;
				LastUpgradeCheck = 1010;
				ORGANIZATIONNAME = "iOS软件工程师";
				TargetAttributes = {
					81AEC14021A28FF50017D98F = {
						CreatedOnToolsVersion = 10.1;
					};
				};
			};
			buildConfigurationList = 81AEC13C21A28FF50017D98F /* Build configuration list for PBXProject "ZLGYRX" */;
			compatibilityVersion = "Xcode 9.3";
			developmentRegion = en;
			hasScannedForEncodings = 0;
			knownRegions = (
				en,
				Base,
			);
			mainGroup = 81AEC13821A28FF50017D98F;
			productRefGroup = 81AEC14221A28FF50017D98F /* Products */;
			projectDirPath = "";
			projectRoot = "";
			targets = (
				81AEC14021A28FF50017D98F /* ZLGYRX */,
			);
		};
/* End PBXProject section */

/* Begin PBXResourcesBuildPhase section */
		81AEC13F21A28FF50017D98F /* Resources */ = {
			isa = PBXResourcesBuildPhase;
			buildActionMask = 2147483647;
			files = (
				81AEC16021A290B10017D98F /* Assets.xcassets in Resources */,
			);
			runOnlyForDeploymentPostprocessing = 0;
		};
/* End PBXResourcesBuildPhase section */

/* Begin PBXShellScriptBuildPhase section */
		37C5159B782850C3398BB5CB /* [CP] Embed Pods Frameworks */ = {
			isa = PBXShellScriptBuildPhase;
			buildActionMask = 2147483647;
			files = (
			);
			inputPaths = (
				"${SRCROOT}/Pods/Target Support Files/Pods-ZLGYRX/Pods-ZLGYRX-frameworks.sh",
				"${BUILT_PRODUCTS_DIR}/Alamofire/Alamofire.framework",
				"${BUILT_PRODUCTS_DIR}/Differentiator/Differentiator.framework",
				"${BUILT_PRODUCTS_DIR}/HandyJSON/HandyJSON.framework",
				"${BUILT_PRODUCTS_DIR}/IQKeyboardManagerSwift/IQKeyboardManagerSwift.framework",
				"${BUILT_PRODUCTS_DIR}/Kingfisher/Kingfisher.framework",
				"${BUILT_PRODUCTS_DIR}/MJRefresh/MJRefresh.framework",
				"${BUILT_PRODUCTS_DIR}/Moya/Moya.framework",
				"${BUILT_PRODUCTS_DIR}/Realm/Realm.framework",
				"${BUILT_PRODUCTS_DIR}/RealmSwift/RealmSwift.framework",
				"${BUILT_PRODUCTS_DIR}/Result/Result.framework",
				"${BUILT_PRODUCTS_DIR}/RxCocoa/RxCocoa.framework",
				"${BUILT_PRODUCTS_DIR}/RxDataSources/RxDataSources.framework",
				"${BUILT_PRODUCTS_DIR}/RxSwift/RxSwift.framework",
				"${BUILT_PRODUCTS_DIR}/SnapKit/SnapKit.framework",
			);
			name = "[CP] Embed Pods Frameworks";
			outputPaths = (
				"${TARGET_BUILD_DIR}/${FRAMEWORKS_FOLDER_PATH}/Alamofire.framework",
				"${TARGET_BUILD_DIR}/${FRAMEWORKS_FOLDER_PATH}/Differentiator.framework",
				"${TARGET_BUILD_DIR}/${FRAMEWORKS_FOLDER_PATH}/HandyJSON.framework",
				"${TARGET_BUILD_DIR}/${FRAMEWORKS_FOLDER_PATH}/IQKeyboardManagerSwift.framework",
				"${TARGET_BUILD_DIR}/${FRAMEWORKS_FOLDER_PATH}/Kingfisher.framework",
				"${TARGET_BUILD_DIR}/${FRAMEWORKS_FOLDER_PATH}/MJRefresh.framework",
				"${TARGET_BUILD_DIR}/${FRAMEWORKS_FOLDER_PATH}/Moya.framework",
				"${TARGET_BUILD_DIR}/${FRAMEWORKS_FOLDER_PATH}/Realm.framework",
				"${TARGET_BUILD_DIR}/${FRAMEWORKS_FOLDER_PATH}/RealmSwift.framework",
				"${TARGET_BUILD_DIR}/${FRAMEWORKS_FOLDER_PATH}/Result.framework",
				"${TARGET_BUILD_DIR}/${FRAMEWORKS_FOLDER_PATH}/RxCocoa.framework",
				"${TARGET_BUILD_DIR}/${FRAMEWORKS_FOLDER_PATH}/RxDataSources.framework",
				"${TARGET_BUILD_DIR}/${FRAMEWORKS_FOLDER_PATH}/RxSwift.framework",
				"${TARGET_BUILD_DIR}/${FRAMEWORKS_FOLDER_PATH}/SnapKit.framework",
			);
			runOnlyForDeploymentPostprocessing = 0;
			shellPath = /bin/sh;
			shellScript = "\"${SRCROOT}/Pods/Target Support Files/Pods-ZLGYRX/Pods-ZLGYRX-frameworks.sh\"\n";
			showEnvVarsInLog = 0;
		};
		63AC0968A245B5A2338A9B03 /* [CP] Check Pods Manifest.lock */ = {
			isa = PBXShellScriptBuildPhase;
			buildActionMask = 2147483647;
			files = (
			);
			inputPaths = (
				"${PODS_PODFILE_DIR_PATH}/Podfile.lock",
				"${PODS_ROOT}/Manifest.lock",
			);
			name = "[CP] Check Pods Manifest.lock";
			outputPaths = (
				"$(DERIVED_FILE_DIR)/Pods-ZLGYRX-checkManifestLockResult.txt",
			);
			runOnlyForDeploymentPostprocessing = 0;
			shellPath = /bin/sh;
			shellScript = "diff \"${PODS_PODFILE_DIR_PATH}/Podfile.lock\" \"${PODS_ROOT}/Manifest.lock\" > /dev/null\nif [ $? != 0 ] ; then\n    # print error to STDERR\n    echo \"error: The sandbox is not in sync with the Podfile.lock. Run 'pod install' or update your CocoaPods installation.\" >&2\n    exit 1\nfi\n# This output is used by Xcode 'outputs' to avoid re-running this script phase.\necho \"SUCCESS\" > \"${SCRIPT_OUTPUT_FILE_0}\"\n";
			showEnvVarsInLog = 0;
		};
/* End PBXShellScriptBuildPhase section */

/* Begin PBXSourcesBuildPhase section */
		81AEC13D21A28FF50017D98F /* Sources */ = {
			isa = PBXSourcesBuildPhase;
			buildActionMask = 2147483647;
			files = (
				81C7B8C121A40A31006C183A /* ZLTabBarController.swift in Sources */,
				81C7B8C821A4F8C9006C183A /* ZLRegisterController.swift in Sources */,
				81C7B8C621A4F7CE006C183A /* ZLNavigationController.swift in Sources */,
				81AEC17C21A299CC0017D98F /* ZLBaseController.swift in Sources */,
				81AEC18021A29DA10017D98F /* ZLLoginController.swift in Sources */,
				81C7B8BF21A4080E006C183A /* SignInViewModel.swift in Sources */,
				81C7B8AB21A3A404006C183A /* UIKit+Extension.swift in Sources */,
				81AEC16321A290B10017D98F /* AppDelegate.swift in Sources */,
				81C7B8AD21A3ACB6006C183A /* ICYSignTextFiled.swift in Sources */,
			);
			runOnlyForDeploymentPostprocessing = 0;
		};
/* End PBXSourcesBuildPhase section */

/* Begin XCBuildConfiguration section */
		81AEC15121A28FF80017D98F /* Debug */ = {
			isa = XCBuildConfiguration;
			buildSettings = {
				ALWAYS_SEARCH_USER_PATHS = NO;
				CLANG_ANALYZER_NONNULL = YES;
				CLANG_ANALYZER_NUMBER_OBJECT_CONVERSION = YES_AGGRESSIVE;
				CLANG_CXX_LANGUAGE_STANDARD = "gnu++14";
				CLANG_CXX_LIBRARY = "libc++";
				CLANG_ENABLE_MODULES = YES;
				CLANG_ENABLE_OBJC_ARC = YES;
				CLANG_ENABLE_OBJC_WEAK = YES;
				CLANG_WARN_BLOCK_CAPTURE_AUTORELEASING = YES;
				CLANG_WARN_BOOL_CONVERSION = YES;
				CLANG_WARN_COMMA = YES;
				CLANG_WARN_CONSTANT_CONVERSION = YES;
				CLANG_WARN_DEPRECATED_OBJC_IMPLEMENTATIONS = YES;
				CLANG_WARN_DIRECT_OBJC_ISA_USAGE = YES_ERROR;
				CLANG_WARN_DOCUMENTATION_COMMENTS = YES;
				CLANG_WARN_EMPTY_BODY = YES;
				CLANG_WARN_ENUM_CONVERSION = YES;
				CLANG_WARN_INFINITE_RECURSION = YES;
				CLANG_WARN_INT_CONVERSION = YES;
				CLANG_WARN_NON_LITERAL_NULL_CONVERSION = YES;
				CLANG_WARN_OBJC_IMPLICIT_RETAIN_SELF = YES;
				CLANG_WARN_OBJC_LITERAL_CONVERSION = YES;
				CLANG_WARN_OBJC_ROOT_CLASS = YES_ERROR;
				CLANG_WARN_RANGE_LOOP_ANALYSIS = YES;
				CLANG_WARN_STRICT_PROTOTYPES = YES;
				CLANG_WARN_SUSPICIOUS_MOVE = YES;
				CLANG_WARN_UNGUARDED_AVAILABILITY = YES_AGGRESSIVE;
				CLANG_WARN_UNREACHABLE_CODE = YES;
				CLANG_WARN__DUPLICATE_METHOD_MATCH = YES;
				CODE_SIGN_IDENTITY = "iPhone Developer";
				COPY_PHASE_STRIP = NO;
				DEBUG_INFORMATION_FORMAT = dwarf;
				ENABLE_STRICT_OBJC_MSGSEND = YES;
				ENABLE_TESTABILITY = YES;
				GCC_C_LANGUAGE_STANDARD = gnu11;
				GCC_DYNAMIC_NO_PIC = NO;
				GCC_NO_COMMON_BLOCKS = YES;
				GCC_OPTIMIZATION_LEVEL = 0;
				GCC_PREPROCESSOR_DEFINITIONS = (
					"DEBUG=1",
					"$(inherited)",
				);
				GCC_WARN_64_TO_32_BIT_CONVERSION = YES;
				GCC_WARN_ABOUT_RETURN_TYPE = YES_ERROR;
				GCC_WARN_UNDECLARED_SELECTOR = YES;
				GCC_WARN_UNINITIALIZED_AUTOS = YES_AGGRESSIVE;
				GCC_WARN_UNUSED_FUNCTION = YES;
				GCC_WARN_UNUSED_VARIABLE = YES;
				IPHONEOS_DEPLOYMENT_TARGET = 9.0;
				MTL_ENABLE_DEBUG_INFO = INCLUDE_SOURCE;
				MTL_FAST_MATH = YES;
				ONLY_ACTIVE_ARCH = YES;
				SDKROOT = iphoneos;
				SWIFT_ACTIVE_COMPILATION_CONDITIONS = DEBUG;
				SWIFT_OPTIMIZATION_LEVEL = "-Onone";
			};
			name = Debug;
		};
		81AEC15221A28FF80017D98F /* Release */ = {
			isa = XCBuildConfiguration;
			buildSettings = {
				ALWAYS_SEARCH_USER_PATHS = NO;
				CLANG_ANALYZER_NONNULL = YES;
				CLANG_ANALYZER_NUMBER_OBJECT_CONVERSION = YES_AGGRESSIVE;
				CLANG_CXX_LANGUAGE_STANDARD = "gnu++14";
				CLANG_CXX_LIBRARY = "libc++";
				CLANG_ENABLE_MODULES = YES;
				CLANG_ENABLE_OBJC_ARC = YES;
				CLANG_ENABLE_OBJC_WEAK = YES;
				CLANG_WARN_BLOCK_CAPTURE_AUTORELEASING = YES;
				CLANG_WARN_BOOL_CONVERSION = YES;
				CLANG_WARN_COMMA = YES;
				CLANG_WARN_CONSTANT_CONVERSION = YES;
				CLANG_WARN_DEPRECATED_OBJC_IMPLEMENTATIONS = YES;
				CLANG_WARN_DIRECT_OBJC_ISA_USAGE = YES_ERROR;
				CLANG_WARN_DOCUMENTATION_COMMENTS = YES;
				CLANG_WARN_EMPTY_BODY = YES;
				CLANG_WARN_ENUM_CONVERSION = YES;
				CLANG_WARN_INFINITE_RECURSION = YES;
				CLANG_WARN_INT_CONVERSION = YES;
				CLANG_WARN_NON_LITERAL_NULL_CONVERSION = YES;
				CLANG_WARN_OBJC_IMPLICIT_RETAIN_SELF = YES;
				CLANG_WARN_OBJC_LITERAL_CONVERSION = YES;
				CLANG_WARN_OBJC_ROOT_CLASS = YES_ERROR;
				CLANG_WARN_RANGE_LOOP_ANALYSIS = YES;
				CLANG_WARN_STRICT_PROTOTYPES = YES;
				CLANG_WARN_SUSPICIOUS_MOVE = YES;
				CLANG_WARN_UNGUARDED_AVAILABILITY = YES_AGGRESSIVE;
				CLANG_WARN_UNREACHABLE_CODE = YES;
				CLANG_WARN__DUPLICATE_METHOD_MATCH = YES;
				CODE_SIGN_IDENTITY = "iPhone Developer";
				COPY_PHASE_STRIP = NO;
				DEBUG_INFORMATION_FORMAT = "dwarf-with-dsym";
				ENABLE_NS_ASSERTIONS = NO;
				ENABLE_STRICT_OBJC_MSGSEND = YES;
				GCC_C_LANGUAGE_STANDARD = gnu11;
				GCC_NO_COMMON_BLOCKS = YES;
				GCC_WARN_64_TO_32_BIT_CONVERSION = YES;
				GCC_WARN_ABOUT_RETURN_TYPE = YES_ERROR;
				GCC_WARN_UNDECLARED_SELECTOR = YES;
				GCC_WARN_UNINITIALIZED_AUTOS = YES_AGGRESSIVE;
				GCC_WARN_UNUSED_FUNCTION = YES;
				GCC_WARN_UNUSED_VARIABLE = YES;
				IPHONEOS_DEPLOYMENT_TARGET = 9.0;
				MTL_ENABLE_DEBUG_INFO = NO;
				MTL_FAST_MATH = YES;
				SDKROOT = iphoneos;
				SWIFT_COMPILATION_MODE = wholemodule;
				SWIFT_OPTIMIZATION_LEVEL = "-O";
				VALIDATE_PRODUCT = YES;
			};
			name = Release;
		};
		81AEC15421A28FF80017D98F /* Debug */ = {
			isa = XCBuildConfiguration;
			baseConfigurationReference = 932C3DDED8DCB0DA9360DBC1 /* Pods-ZLGYRX.debug.xcconfig */;
			buildSettings = {
				ASSETCATALOG_COMPILER_APPICON_NAME = AppIcon;
				CODE_SIGN_STYLE = Automatic;
				DEVELOPMENT_TEAM = U5NJ34RPJR;
				INFOPLIST_FILE = ZLGYRX/SupportFiles/Info.plist;
				IPHONEOS_DEPLOYMENT_TARGET = 9.0;
				LD_RUNPATH_SEARCH_PATHS = (
					"$(inherited)",
					"@executable_path/Frameworks",
				);
				PRODUCT_BUNDLE_IDENTIFIER = com.dianqv.jiangsuzhangting;
				PRODUCT_NAME = "$(TARGET_NAME)";
				SWIFT_VERSION = 4.2;
				TARGETED_DEVICE_FAMILY = "1,2";
			};
			name = Debug;
		};
		81AEC15521A28FF80017D98F /* Release */ = {
			isa = XCBuildConfiguration;
			baseConfigurationReference = 85B50E61506262981F6C805D /* Pods-ZLGYRX.release.xcconfig */;
			buildSettings = {
				ASSETCATALOG_COMPILER_APPICON_NAME = AppIcon;
				CODE_SIGN_STYLE = Automatic;
				DEVELOPMENT_TEAM = U5NJ34RPJR;
				INFOPLIST_FILE = ZLGYRX/SupportFiles/Info.plist;
				IPHONEOS_DEPLOYMENT_TARGET = 9.0;
				LD_RUNPATH_SEARCH_PATHS = (
					"$(inherited)",
					"@executable_path/Frameworks",
				);
				PRODUCT_BUNDLE_IDENTIFIER = com.dianqv.jiangsuzhangting;
				PRODUCT_NAME = "$(TARGET_NAME)";
				SWIFT_VERSION = 4.2;
				TARGETED_DEVICE_FAMILY = "1,2";
			};
			name = Release;
		};
/* End XCBuildConfiguration section */

/* Begin XCConfigurationList section */
		81AEC13C21A28FF50017D98F /* Build configuration list for PBXProject "ZLGYRX" */ = {
			isa = XCConfigurationList;
			buildConfigurations = (
				81AEC15121A28FF80017D98F /* Debug */,
				81AEC15221A28FF80017D98F /* Release */,
			);
			defaultConfigurationIsVisible = 0;
			defaultConfigurationName = Release;
		};
		81AEC15321A28FF80017D98F /* Build configuration list for PBXNativeTarget "ZLGYRX" */ = {
			isa = XCConfigurationList;
			buildConfigurations = (
				81AEC15421A28FF80017D98F /* Debug */,
				81AEC15521A28FF80017D98F /* Release */,
			);
			defaultConfigurationIsVisible = 0;
			defaultConfigurationName = Release;
		};
/* End XCConfigurationList section */
	};
	rootObject = 81AEC13921A28FF50017D98F /* Project object */;
}
